# This file is autogenerated, do not edit; changes may be undone by the next 'dep ensure'.


[[projects]]
  branch = "master"
  name = "github.com/alangpierce/go-forceexport"
  packages = ["."]
  revision = "8f1d6941cd755b975763ddb1f836561edddac2b8"

[[projects]]
  branch = "master"
  name = "github.com/bouk/monkey"
  packages = ["."]
  revision = "b96e337f6e5b36906584cd0cf9803bbab09284f7"

[solve-meta]
  analyzer-name = "dep"
  analyzer-version = 1
  inputs-digest = "1b5b6b0acfa9594ab0a7a33f13cbe1e5a9463b2b78aa9b95b6b1569276f97666"
  solver-name = "gps-cdcl"
  solver-version = 1
